
Microsoft Visual Studio Solution File, Format Version 12.00
# Visual Studio Version 16
VisualStudioVersion = 16.0.31105.61
MinimumVisualStudioVersion = 10.0.40219.1
Project("{FAE04EC0-301F-11D3-BF4B-00C04F79EFBC}") = "Actividad_04", "Actividad_04.csproj", "{AF6A8EC4-A9DF-43F8-84C1-9F7D3F5605CD}"
EndProject
Global
	GlobalSection(SolutionConfigurationPlatforms) = preSolution
		Debug|Any CPU = Debug|Any CPU
		Release|Any CPU = Release|Any CPU
	EndGlobalSection
	GlobalSection(ProjectConfigurationPlatforms) = postSolution
		{AF6A8EC4-A9DF-43F8-84C1-9F7D3F5605CD}.Debug|Any CPU.ActiveCfg = Debug|Any CPU
		{AF6A8EC4-A9DF-43F8-84C1-9F7D3F5605CD}.Debug|Any CPU.Build.0 = Debug|Any CPU
		{AF6A8EC4-A9DF-43F8-84C1-9F7D3F5605CD}.Release|Any CPU.ActiveCfg = Release|Any CPU
		{AF6A8EC4-A9DF-43F8-84C1-9F7D3F5605CD}.Release|Any CPU.Build.0 = Release|Any CPU
	EndGlobalSection
	GlobalSection(SolutionProperties) = preSolution
		HideSolutionNode = FALSE
	EndGlobalSection
	GlobalSection(ExtensibilityGlobals) = postSolution
		SolutionGuid = {48C457B0-81DD-463C-90F7-930B60C6E7A7}
	EndGlobalSection
EndGlobal
